github.com/jfreymuth/oggvorbis v1.0.4 h1:cyJCd0XSoxkKzUPmqM0ZoQJ0h/WbhfyvUR+FTMxQEac=
github.com/jfreymuth/oggvorbis v1.0.4/go.mod h1:1U4pqWmghcoVsCJJ4fRBKv9peUJMBHixthRlBeD6uII=
github.com/jfreymuth/vorbis v1.0.2 h1:m1xH6+ZI4thH927pgKD8JOH4eaGRm18rEE9/0WKjvNE=
github.com/jfreymuth/vorbis v1.0.2/go.mod h1:DoftRo4AznKnShRl1GxiTFCseHr4zR9BN3TWXyuzrqQ=
github.com/viert/go-lame v0.0.0-20201108052322-bb552596b11d h1:LptdD7GTUZeklomtW5vZ1AHwBvDBUCZ2Ftpaz7uEI7g=
github.com/viert/go-lame v0.0.0-20201108052322-bb552596b11d/go.mod h1:EqTcYM7y4JlSfeTI47pmNu3EZQuCuLQefsQyg1Imlz8=
